
Microsoft Visual Studio Solution File, Format Version 12.00
# Visual Studio Version 17
VisualStudioVersion = 17.5.33103.201
MinimumVisualStudioVersion = 10.0.40219.1
Project("{FAE04EC0-301F-11D3-BF4B-00C04F79EFBC}") = "WindowsFormsApp_LoadControls", "WindowsFormsApp_LoadControls\WindowsFormsApp_LoadControls.csproj", "{2DAFAF05-9F42-4841-8698-EF6E91D158D2}"
EndProject
Global
	GlobalSection(SolutionConfigurationPlatforms) = preSolution
		Debug|Any CPU = Debug|Any CPU
		Release|Any CPU = Release|Any CPU
	EndGlobalSection
	GlobalSection(ProjectConfigurationPlatforms) = postSolution
		{2DAFAF05-9F42-4841-8698-EF6E91D158D2}.Debug|Any CPU.ActiveCfg = Debug|Any CPU
		{2DAFAF05-9F42-4841-8698-EF6E91D158D2}.Debug|Any CPU.Build.0 = Debug|Any CPU
		{2DAFAF05-9F42-4841-8698-EF6E91D158D2}.Release|Any CPU.ActiveCfg = Release|Any CPU
		{2DAFAF05-9F42-4841-8698-EF6E91D158D2}.Release|Any CPU.Build.0 = Release|Any CPU
	EndGlobalSection
	GlobalSection(SolutionProperties) = preSolution
		HideSolutionNode = FALSE
	EndGlobalSection
	GlobalSection(ExtensibilityGlobals) = postSolution
		SolutionGuid = {86F6565A-1C79-49F9-B374-21CCD64F54A6}
	EndGlobalSection
EndGlobal
